
Microsoft Visual Studio Solution File, Format Version 12.00
# Visual Studio Version 17
VisualStudioVersion = 17.12.35707.178
MinimumVisualStudioVersion = 10.0.40219.1
Project("{FAE04EC0-301F-11D3-BF4B-00C04F79EFBC}") = "DAY4", "DAY4\DAY4.csproj", "{16921070-9F0C-4C8F-84E5-194036043015}"
EndProject
Project("{FAE04EC0-301F-11D3-BF4B-00C04F79EFBC}") = "DTypes", "DTypes\DTypes.csproj", "{4B46970B-2A5A-4D70-B844-51FA69DEAC5C}"
EndProject
Global
	GlobalSection(SolutionConfigurationPlatforms) = preSolution
		Debug|Any CPU = Debug|Any CPU
		Release|Any CPU = Release|Any CPU
	EndGlobalSection
	GlobalSection(ProjectConfigurationPlatforms) = postSolution
		{16921070-9F0C-4C8F-84E5-194036043015}.Debug|Any CPU.ActiveCfg = Debug|Any CPU
		{16921070-9F0C-4C8F-84E5-194036043015}.Debug|Any CPU.Build.0 = Debug|Any CPU
		{16921070-9F0C-4C8F-84E5-194036043015}.Release|Any CPU.ActiveCfg = Release|Any CPU
		{16921070-9F0C-4C8F-84E5-194036043015}.Release|Any CPU.Build.0 = Release|Any CPU
		{4B46970B-2A5A-4D70-B844-51FA69DEAC5C}.Debug|Any CPU.ActiveCfg = Debug|Any CPU
		{4B46970B-2A5A-4D70-B844-51FA69DEAC5C}.Debug|Any CPU.Build.0 = Debug|Any CPU
		{4B46970B-2A5A-4D70-B844-51FA69DEAC5C}.Release|Any CPU.ActiveCfg = Release|Any CPU
		{4B46970B-2A5A-4D70-B844-51FA69DEAC5C}.Release|Any CPU.Build.0 = Release|Any CPU
	EndGlobalSection
	GlobalSection(SolutionProperties) = preSolution
		HideSolutionNode = FALSE
	EndGlobalSection
EndGlobal
