
Microsoft Visual Studio Solution File, Format Version 12.00
# Visual Studio Version 17
VisualStudioVersion = 17.12.35707.178 d17.12
MinimumVisualStudioVersion = 10.0.40219.1
Project("{FAE04EC0-301F-11D3-BF4B-00C04F79EFBC}") = "DAL", "DAY14\DAL.csproj", "{74EEE79C-9C86-4BC1-8636-C3D1D8F19E92}"
EndProject
Project("{FAE04EC0-301F-11D3-BF4B-00C04F79EFBC}") = "BLL", "BLL\BLL.csproj", "{2D1F2E20-660A-4926-A9F9-303B6C3951A8}"
EndProject
Project("{FAE04EC0-301F-11D3-BF4B-00C04F79EFBC}") = "EmployeeFormAppl", "EmployeeFormAppl\EmployeeFormAppl.csproj", "{6652CFEF-6BF5-4659-949E-2C3C7E83B4C4}"
EndProject
Global
	GlobalSection(SolutionConfigurationPlatforms) = preSolution
		Debug|Any CPU = Debug|Any CPU
		Release|Any CPU = Release|Any CPU
	EndGlobalSection
	GlobalSection(ProjectConfigurationPlatforms) = postSolution
		{74EEE79C-9C86-4BC1-8636-C3D1D8F19E92}.Debug|Any CPU.ActiveCfg = Debug|Any CPU
		{74EEE79C-9C86-4BC1-8636-C3D1D8F19E92}.Debug|Any CPU.Build.0 = Debug|Any CPU
		{74EEE79C-9C86-4BC1-8636-C3D1D8F19E92}.Release|Any CPU.ActiveCfg = Release|Any CPU
		{74EEE79C-9C86-4BC1-8636-C3D1D8F19E92}.Release|Any CPU.Build.0 = Release|Any CPU
		{2D1F2E20-660A-4926-A9F9-303B6C3951A8}.Debug|Any CPU.ActiveCfg = Debug|Any CPU
		{2D1F2E20-660A-4926-A9F9-303B6C3951A8}.Debug|Any CPU.Build.0 = Debug|Any CPU
		{2D1F2E20-660A-4926-A9F9-303B6C3951A8}.Release|Any CPU.ActiveCfg = Release|Any CPU
		{2D1F2E20-660A-4926-A9F9-303B6C3951A8}.Release|Any CPU.Build.0 = Release|Any CPU
		{6652CFEF-6BF5-4659-949E-2C3C7E83B4C4}.Debug|Any CPU.ActiveCfg = Debug|Any CPU
		{6652CFEF-6BF5-4659-949E-2C3C7E83B4C4}.Debug|Any CPU.Build.0 = Debug|Any CPU
		{6652CFEF-6BF5-4659-949E-2C3C7E83B4C4}.Release|Any CPU.ActiveCfg = Release|Any CPU
		{6652CFEF-6BF5-4659-949E-2C3C7E83B4C4}.Release|Any CPU.Build.0 = Release|Any CPU
	EndGlobalSection
	GlobalSection(SolutionProperties) = preSolution
		HideSolutionNode = FALSE
	EndGlobalSection
EndGlobal
